
Microsoft Visual Studio Solution File, Format Version 12.00
# Visual Studio Version 17
VisualStudioVersion = 17.5.33414.496
MinimumVisualStudioVersion = 10.0.40219.1
Project("{FAE04EC0-301F-11D3-BF4B-00C04F79EFBC}") = "InvestmentDataContext", "InvestmentDataContext.csproj", "{072F47B7-0F50-441D-9DFB-E1968011F751}"
EndProject
Global
	GlobalSection(SolutionConfigurationPlatforms) = preSolution
		Debug|Any CPU = Debug|Any CPU
		Release|Any CPU = Release|Any CPU
	EndGlobalSection
	GlobalSection(ProjectConfigurationPlatforms) = postSolution
		{072F47B7-0F50-441D-9DFB-E1968011F751}.Debug|Any CPU.ActiveCfg = Debug|Any CPU
		{072F47B7-0F50-441D-9DFB-E1968011F751}.Debug|Any CPU.Build.0 = Debug|Any CPU
		{072F47B7-0F50-441D-9DFB-E1968011F751}.Release|Any CPU.ActiveCfg = Release|Any CPU
		{072F47B7-0F50-441D-9DFB-E1968011F751}.Release|Any CPU.Build.0 = Release|Any CPU
	EndGlobalSection
	GlobalSection(SolutionProperties) = preSolution
		HideSolutionNode = FALSE
	EndGlobalSection
	GlobalSection(ExtensibilityGlobals) = postSolution
		SolutionGuid = {E1B67BC4-7193-499C-874F-F50618A6E1FB}
	EndGlobalSection
EndGlobal
